
Microsoft Visual Studio Solution File, Format Version 12.00
# Visual Studio Version 16
VisualStudioVersion = 16.0.29324.140
MinimumVisualStudioVersion = 10.0.40219.1
Project("{FAE04EC0-301F-11D3-BF4B-00C04F79EFBC}") = "DICOMToFHIRImagingStudyConsole", "DICOMToFHIRImagingStudyConsole\DICOMToFHIRImagingStudyConsole.csproj", "{DA46FC5A-5397-47F8-8369-7E654238B1DC}"
EndProject
Global
	GlobalSection(SolutionConfigurationPlatforms) = preSolution
		Debug|Any CPU = Debug|Any CPU
		Release|Any CPU = Release|Any CPU
	EndGlobalSection
	GlobalSection(ProjectConfigurationPlatforms) = postSolution
		{DA46FC5A-5397-47F8-8369-7E654238B1DC}.Debug|Any CPU.ActiveCfg = Debug|Any CPU
		{DA46FC5A-5397-47F8-8369-7E654238B1DC}.Debug|Any CPU.Build.0 = Debug|Any CPU
		{DA46FC5A-5397-47F8-8369-7E654238B1DC}.Release|Any CPU.ActiveCfg = Release|Any CPU
		{DA46FC5A-5397-47F8-8369-7E654238B1DC}.Release|Any CPU.Build.0 = Release|Any CPU
	EndGlobalSection
	GlobalSection(SolutionProperties) = preSolution
		HideSolutionNode = FALSE
	EndGlobalSection
	GlobalSection(ExtensibilityGlobals) = postSolution
		SolutionGuid = {E7A9D6DD-1749-4C72-A2CF-220B009D873A}
	EndGlobalSection
EndGlobal
